// !$*UTF8*$!
{
	archiveVersion = 1;
	classes = {
	};
	objectVersion = 46;
	objects = {

/* Begin PBXBuildFile section */
		4D8BB7921A60172D00E3ACE5 /* User.m in Sources */ = {isa = PBXBuildFile; fileRef = 4D8BB78F1A60172D00E3ACE5 /* User.m */; };
		4D8BB7931A60172D00E3ACE5 /* UserService.m in Sources */ = {isa = PBXBuildFile; fileRef = 4D8BB7911A60172D00E3ACE5 /* UserService.m */; };
		4DCA74321A5FC52E00CE3F6C /* main.m in Sources */ = {isa = PBXBuildFile; fileRef = 4DCA74311A5FC52E00CE3F6C /* main.m */; };
		4DCA74351A5FC52E00CE3F6C /* AppDelegate.m in Sources */ = {isa = PBXBuildFile; fileRef = 4DCA74341A5FC52E00CE3F6C /* AppDelegate.m */; };
		4DCA74381A5FC52E00CE3F6C /* ViewController.m in Sources */ = {isa = PBXBuildFile; fileRef = 4DCA74371A5FC52E00CE3F6C /* ViewController.m */; };
		4DCA743B1A5FC52E00CE3F6C /* Main.storyboard in Resources */ = {isa = PBXBuildFile; fileRef = 4DCA74391A5FC52E00CE3F6C /* Main.storyboard */; };
		4DCA743D1A5FC52E00CE3F6C /* Images.xcassets in Resources */ = {isa = PBXBuildFile; fileRef = 4DCA743C1A5FC52E00CE3F6C /* Images.xcassets */; };
		4DCA74401A5FC52E00CE3F6C /* LaunchScreen.xib in Resources */ = {isa = PBXBuildFile; fileRef = 4DCA743E1A5FC52E00CE3F6C /* LaunchScreen.xib */; };
		4DCA744C1A5FC52E00CE3F6C /* RHFirmModelDemoTests.m in Sources */ = {isa = PBXBuildFile; fileRef = 4DCA744B1A5FC52E00CE3F6C /* RHFirmModelDemoTests.m */; };
		4DCA745D1A5FC55D00CE3F6C /* EXTRuntimeExtensions.m in Sources */ = {isa = PBXBuildFile; fileRef = 4DCA74591A5FC55D00CE3F6C /* EXTRuntimeExtensions.m */; };
		4DCA745E1A5FC55D00CE3F6C /* EXTScope.m in Sources */ = {isa = PBXBuildFile; fileRef = 4DCA745B1A5FC55D00CE3F6C /* EXTScope.m */; };
		4DCA74611A5FC57600CE3F6C /* RHFirmModel.m in Sources */ = {isa = PBXBuildFile; fileRef = 4DCA74601A5FC57600CE3F6C /* RHFirmModel.m */; };
		4DCA746A1A5FD23100CE3F6C /* Address.m in Sources */ = {isa = PBXBuildFile; fileRef = 4DCA74691A5FD23100CE3F6C /* Address.m */; };
/* End PBXBuildFile section */

/* Begin PBXContainerItemProxy section */
		4DCA74461A5FC52E00CE3F6C /* PBXContainerItemProxy */ = {
			isa = PBXContainerItemProxy;
			containerPortal = 4DCA74241A5FC52E00CE3F6C /* Project object */;
			proxyType = 1;
			remoteGlobalIDString = 4DCA742B1A5FC52E00CE3F6C;
			remoteInfo = RHFirmModelDemo;
		};
/* End PBXContainerItemProxy section */

/* Begin PBXFileReference section */
		4D8BB78E1A60172D00E3ACE5 /* User.h */ = {isa = PBXFileReference; fileEncoding = 4; lastKnownFileType = sourcecode.c.h; path = User.h; sourceTree = "<group>"; };
		4D8BB78F1A60172D00E3ACE5 /* User.m */ = {isa = PBXFileReference; fileEncoding = 4; lastKnownFileType = sourcecode.c.objc; path = User.m; sourceTree = "<group>"; };
		4D8BB7901A60172D00E3ACE5 /* UserService.h */ = {isa = PBXFileReference; fileEncoding = 4; lastKnownFileType = sourcecode.c.h; path = UserService.h; sourceTree = "<group>"; };
		4D8BB7911A60172D00E3ACE5 /* UserService.m */ = {isa = PBXFileReference; fileEncoding = 4; lastKnownFileType = sourcecode.c.objc; path = UserService.m; sourceTree = "<group>"; };
		4DCA742C1A5FC52E00CE3F6C /* RHFirmModelDemo.app */ = {isa = PBXFileReference; explicitFileType = wrapper.application; includeInIndex = 0; path = RHFirmModelDemo.app; sourceTree = BUILT_PRODUCTS_DIR; };
		4DCA74301A5FC52E00CE3F6C /* Info.plist */ = {isa = PBXFileReference; lastKnownFileType = text.plist.xml; path = Info.plist; sourceTree = "<group>"; };
		4DCA74311A5FC52E00CE3F6C /* main.m */ = {isa = PBXFileReference; lastKnownFileType = sourcecode.c.objc; path = main.m; sourceTree = "<group>"; };
		4DCA74331A5FC52E00CE3F6C /* AppDelegate.h */ = {isa = PBXFileReference; lastKnownFileType = sourcecode.c.h; path = AppDelegate.h; sourceTree = "<group>"; };
		4DCA74341A5FC52E00CE3F6C /* AppDelegate.m */ = {isa = PBXFileReference; lastKnownFileType = sourcecode.c.objc; path = AppDelegate.m; sourceTree = "<group>"; };
		4DCA74361A5FC52E00CE3F6C /* ViewController.h */ = {isa = PBXFileReference; lastKnownFileType = sourcecode.c.h; path = ViewController.h; sourceTree = "<group>"; };
		4DCA74371A5FC52E00CE3F6C /* ViewController.m */ = {isa = PBXFileReference; lastKnownFileType = sourcecode.c.objc; path = ViewController.m; sourceTree = "<group>"; };
		4DCA743A1A5FC52E00CE3F6C /* Base */ = {isa = PBXFileReference; lastKnownFileType = file.storyboard; name = Base; path = Base.lproj/Main.storyboard; sourceTree = "<group>"; };
		4DCA743C1A5FC52E00CE3F6C /* Images.xcassets */ = {isa = PBXFileReference; lastKnownFileType = folder.assetcatalog; path = Images.xcassets; sourceTree = "<group>"; };
		4DCA743F1A5FC52E00CE3F6C /* Base */ = {isa = PBXFileReference; lastKnownFileType = file.xib; name = Base; path = Base.lproj/LaunchScreen.xib; sourceTree = "<group>"; };
		4DCA74451A5FC52E00CE3F6C /* RHFirmModelDemoTests.xctest */ = {isa = PBXFileReference; explicitFileType = wrapper.cfbundle; includeInIndex = 0; path = RHFirmModelDemoTests.xctest; sourceTree = BUILT_PRODUCTS_DIR; };
		4DCA744A1A5FC52E00CE3F6C /* Info.plist */ = {isa = PBXFileReference; lastKnownFileType = text.plist.xml; path = Info.plist; sourceTree = "<group>"; };
		4DCA744B1A5FC52E00CE3F6C /* RHFirmModelDemoTests.m */ = {isa = PBXFileReference; lastKnownFileType = sourcecode.c.objc; path = RHFirmModelDemoTests.m; sourceTree = "<group>"; };
		4DCA74571A5FC55D00CE3F6C /* EXTKeyPathCoding.h */ = {isa = PBXFileReference; fileEncoding = 4; lastKnownFileType = sourcecode.c.h; path = EXTKeyPathCoding.h; sourceTree = "<group>"; };
		4DCA74581A5FC55D00CE3F6C /* EXTRuntimeExtensions.h */ = {isa = PBXFileReference; fileEncoding = 4; lastKnownFileType = sourcecode.c.h; path = EXTRuntimeExtensions.h; sourceTree = "<group>"; };
		4DCA74591A5FC55D00CE3F6C /* EXTRuntimeExtensions.m */ = {isa = PBXFileReference; fileEncoding = 4; lastKnownFileType = sourcecode.c.objc; path = EXTRuntimeExtensions.m; sourceTree = "<group>"; };
		4DCA745A1A5FC55D00CE3F6C /* EXTScope.h */ = {isa = PBXFileReference; fileEncoding = 4; lastKnownFileType = sourcecode.c.h; path = EXTScope.h; sourceTree = "<group>"; };
		4DCA745B1A5FC55D00CE3F6C /* EXTScope.m */ = {isa = PBXFileReference; fileEncoding = 4; lastKnownFileType = sourcecode.c.objc; path = EXTScope.m; sourceTree = "<group>"; };
		4DCA745C1A5FC55D00CE3F6C /* metamacros.h */ = {isa = PBXFileReference; fileEncoding = 4; lastKnownFileType = sourcecode.c.h; path = metamacros.h; sourceTree = "<group>"; };
		4DCA745F1A5FC57600CE3F6C /* RHFirmModel.h */ = {isa = PBXFileReference; fileEncoding = 4; lastKnownFileType = sourcecode.c.h; path = RHFirmModel.h; sourceTree = "<group>"; };
		4DCA74601A5FC57600CE3F6C /* RHFirmModel.m */ = {isa = PBXFileReference; fileEncoding = 4; lastKnownFileType = sourcecode.c.objc; path = RHFirmModel.m; sourceTree = "<group>"; };
		4DCA74681A5FD23100CE3F6C /* Address.h */ = {isa = PBXFileReference; fileEncoding = 4; lastKnownFileType = sourcecode.c.h; path = Address.h; sourceTree = "<group>"; };
		4DCA74691A5FD23100CE3F6C /* Address.m */ = {isa = PBXFileReference; fileEncoding = 4; lastKnownFileType = sourcecode.c.objc; path = Address.m; sourceTree = "<group>"; };
/* End PBXFileReference section */

/* Begin PBXFrameworksBuildPhase section */
		4DCA74291A5FC52E00CE3F6C /* Frameworks */ = {
			isa = PBXFrameworksBuildPhase;
			buildActionMask = 2147483647;
			files = (
			);
			runOnlyForDeploymentPostprocessing = 0;
		};
		4DCA74421A5FC52E00CE3F6C /* Frameworks */ = {
			isa = PBXFrameworksBuildPhase;
			buildActionMask = 2147483647;
			files = (
			);
			runOnlyForDeploymentPostprocessing = 0;
		};
/* End PBXFrameworksBuildPhase section */

/* Begin PBXGroup section */
		4DCA74231A5FC52E00CE3F6C = {
			isa = PBXGroup;
			children = (
				4DCA742E1A5FC52E00CE3F6C /* RHFirmModelDemo */,
				4DCA74481A5FC52E00CE3F6C /* RHFirmModelDemoTests */,
				4DCA742D1A5FC52E00CE3F6C /* Products */,
			);
			indentWidth = 2;
			sourceTree = "<group>";
			tabWidth = 2;
		};
		4DCA742D1A5FC52E00CE3F6C /* Products */ = {
			isa = PBXGroup;
			children = (
				4DCA742C1A5FC52E00CE3F6C /* RHFirmModelDemo.app */,
				4DCA74451A5FC52E00CE3F6C /* RHFirmModelDemoTests.xctest */,
			);
			name = Products;
			sourceTree = "<group>";
		};
		4DCA742E1A5FC52E00CE3F6C /* RHFirmModelDemo */ = {
			isa = PBXGroup;
			children = (
				4D8BB78E1A60172D00E3ACE5 /* User.h */,
				4D8BB78F1A60172D00E3ACE5 /* User.m */,
				4D8BB7901A60172D00E3ACE5 /* UserService.h */,
				4D8BB7911A60172D00E3ACE5 /* UserService.m */,
				4DCA74681A5FD23100CE3F6C /* Address.h */,
				4DCA74691A5FD23100CE3F6C /* Address.m */,
				4DCA74331A5FC52E00CE3F6C /* AppDelegate.h */,
				4DCA74341A5FC52E00CE3F6C /* AppDelegate.m */,
				4DCA74361A5FC52E00CE3F6C /* ViewController.h */,
				4DCA74371A5FC52E00CE3F6C /* ViewController.m */,
				4DCA74551A5FC53F00CE3F6C /* RHFirmModel */,
				4DCA742F1A5FC52E00CE3F6C /* Supporting Files */,
			);
			path = RHFirmModelDemo;
			sourceTree = "<group>";
		};
		4DCA742F1A5FC52E00CE3F6C /* Supporting Files */ = {
			isa = PBXGroup;
			children = (
				4DCA74391A5FC52E00CE3F6C /* Main.storyboard */,
				4DCA743C1A5FC52E00CE3F6C /* Images.xcassets */,
				4DCA743E1A5FC52E00CE3F6C /* LaunchScreen.xib */,
				4DCA74301A5FC52E00CE3F6C /* Info.plist */,
				4DCA74311A5FC52E00CE3F6C /* main.m */,
			);
			name = "Supporting Files";
			sourceTree = "<group>";
		};
		4DCA74481A5FC52E00CE3F6C /* RHFirmModelDemoTests */ = {
			isa = PBXGroup;
			children = (
				4DCA744B1A5FC52E00CE3F6C /* RHFirmModelDemoTests.m */,
				4DCA74491A5FC52E00CE3F6C /* Supporting Files */,
			);
			path = RHFirmModelDemoTests;
			sourceTree = "<group>";
		};
		4DCA74491A5FC52E00CE3F6C /* Supporting Files */ = {
			isa = PBXGroup;
			children = (
				4DCA744A1A5FC52E00CE3F6C /* Info.plist */,
			);
			name = "Supporting Files";
			sourceTree = "<group>";
		};
		4DCA74551A5FC53F00CE3F6C /* RHFirmModel */ = {
			isa = PBXGroup;
			children = (
				4DCA74561A5FC55D00CE3F6C /* extobjc */,
				4DCA745F1A5FC57600CE3F6C /* RHFirmModel.h */,
				4DCA74601A5FC57600CE3F6C /* RHFirmModel.m */,
			);
			path = RHFirmModel;
			sourceTree = "<group>";
		};
		4DCA74561A5FC55D00CE3F6C /* extobjc */ = {
			isa = PBXGroup;
			children = (
				4DCA74571A5FC55D00CE3F6C /* EXTKeyPathCoding.h */,
				4DCA74581A5FC55D00CE3F6C /* EXTRuntimeExtensions.h */,
				4DCA74591A5FC55D00CE3F6C /* EXTRuntimeExtensions.m */,
				4DCA745A1A5FC55D00CE3F6C /* EXTScope.h */,
				4DCA745B1A5FC55D00CE3F6C /* EXTScope.m */,
				4DCA745C1A5FC55D00CE3F6C /* metamacros.h */,
			);
			path = extobjc;
			sourceTree = "<group>";
		};
/* End PBXGroup section */

/* Begin PBXNativeTarget section */
		4DCA742B1A5FC52E00CE3F6C /* RHFirmModelDemo */ = {
			isa = PBXNativeTarget;
			buildConfigurationList = 4DCA744F1A5FC52E00CE3F6C /* Build configuration list for PBXNativeTarget "RHFirmModelDemo" */;
			buildPhases = (
				4DCA74281A5FC52E00CE3F6C /* Sources */,
				4DCA74291A5FC52E00CE3F6C /* Frameworks */,
				4DCA742A1A5FC52E00CE3F6C /* Resources */,
			);
			buildRules = (
			);
			dependencies = (
			);
			name = RHFirmModelDemo;
			productName = RHFirmModelDemo;
			productReference = 4DCA742C1A5FC52E00CE3F6C /* RHFirmModelDemo.app */;
			productType = "com.apple.product-type.application";
		};
		4DCA74441A5FC52E00CE3F6C /* RHFirmModelDemoTests */ = {
			isa = PBXNativeTarget;
			buildConfigurationList = 4DCA74521A5FC52E00CE3F6C /* Build configuration list for PBXNativeTarget "RHFirmModelDemoTests" */;
			buildPhases = (
				4DCA74411A5FC52E00CE3F6C /* Sources */,
				4DCA74421A5FC52E00CE3F6C /* Frameworks */,
				4DCA74431A5FC52E00CE3F6C /* Resources */,
			);
			buildRules = (
			);
			dependencies = (
				4DCA74471A5FC52E00CE3F6C /* PBXTargetDependency */,
			);
			name = RHFirmModelDemoTests;
			productName = RHFirmModelDemoTests;
			productReference = 4DCA74451A5FC52E00CE3F6C /* RHFirmModelDemoTests.xctest */;
			productType = "com.apple.product-type.bundle.unit-test";
		};
/* End PBXNativeTarget section */

/* Begin PBXProject section */
		4DCA74241A5FC52E00CE3F6C /* Project object */ = {
			isa = PBXProject;
			attributes = {
				LastUpgradeCheck = 0610;
				ORGANIZATIONNAME = ran;
				TargetAttributes = {
					4DCA742B1A5FC52E00CE3F6C = {
						CreatedOnToolsVersion = 6.1.1;
					};
					4DCA74441A5FC52E00CE3F6C = {
						CreatedOnToolsVersion = 6.1.1;
						TestTargetID = 4DCA742B1A5FC52E00CE3F6C;
					};
				};
			};
			buildConfigurationList = 4DCA74271A5FC52E00CE3F6C /* Build configuration list for PBXProject "RHFirmModelDemo" */;
			compatibilityVersion = "Xcode 3.2";
			developmentRegion = English;
			hasScannedForEncodings = 0;
			knownRegions = (
				en,
				Base,
			);
			mainGroup = 4DCA74231A5FC52E00CE3F6C;
			productRefGroup = 4DCA742D1A5FC52E00CE3F6C /* Products */;
			projectDirPath = "";
			projectRoot = "";
			targets = (
				4DCA742B1A5FC52E00CE3F6C /* RHFirmModelDemo */,
				4DCA74441A5FC52E00CE3F6C /* RHFirmModelDemoTests */,
			);
		};
/* End PBXProject section */

/* Begin PBXResourcesBuildPhase section */
		4DCA742A1A5FC52E00CE3F6C /* Resources */ = {
			isa = PBXResourcesBuildPhase;
			buildActionMask = 2147483647;
			files = (
				4DCA743B1A5FC52E00CE3F6C /* Main.storyboard in Resources */,
				4DCA74401A5FC52E00CE3F6C /* LaunchScreen.xib in Resources */,
				4DCA743D1A5FC52E00CE3F6C /* Images.xcassets in Resources */,
			);
			runOnlyForDeploymentPostprocessing = 0;
		};
		4DCA74431A5FC52E00CE3F6C /* Resources */ = {
			isa = PBXResourcesBuildPhase;
			buildActionMask = 2147483647;
			files = (
			);
			runOnlyForDeploymentPostprocessing = 0;
		};
/* End PBXResourcesBuildPhase section */

/* Begin PBXSourcesBuildPhase section */
		4DCA74281A5FC52E00CE3F6C /* Sources */ = {
			isa = PBXSourcesBuildPhase;
			buildActionMask = 2147483647;
			files = (
				4D8BB7921A60172D00E3ACE5 /* User.m in Sources */,
				4DCA746A1A5FD23100CE3F6C /* Address.m in Sources */,
				4DCA745E1A5FC55D00CE3F6C /* EXTScope.m in Sources */,
				4DCA74611A5FC57600CE3F6C /* RHFirmModel.m in Sources */,
				4DCA74381A5FC52E00CE3F6C /* ViewController.m in Sources */,
				4DCA74351A5FC52E00CE3F6C /* AppDelegate.m in Sources */,
				4DCA745D1A5FC55D00CE3F6C /* EXTRuntimeExtensions.m in Sources */,
				4D8BB7931A60172D00E3ACE5 /* UserService.m in Sources */,
				4DCA74321A5FC52E00CE3F6C /* main.m in Sources */,
			);
			runOnlyForDeploymentPostprocessing = 0;
		};
		4DCA74411A5FC52E00CE3F6C /* Sources */ = {
			isa = PBXSourcesBuildPhase;
			buildActionMask = 2147483647;
			files = (
				4DCA744C1A5FC52E00CE3F6C /* RHFirmModelDemoTests.m in Sources */,
			);
			runOnlyForDeploymentPostprocessing = 0;
		};
/* End PBXSourcesBuildPhase section */

/* Begin PBXTargetDependency section */
		4DCA74471A5FC52E00CE3F6C /* PBXTargetDependency */ = {
			isa = PBXTargetDependency;
			target = 4DCA742B1A5FC52E00CE3F6C /* RHFirmModelDemo */;
			targetProxy = 4DCA74461A5FC52E00CE3F6C /* PBXContainerItemProxy */;
		};
/* End PBXTargetDependency section */

/* Begin PBXVariantGroup section */
		4DCA74391A5FC52E00CE3F6C /* Main.storyboard */ = {
			isa = PBXVariantGroup;
			children = (
				4DCA743A1A5FC52E00CE3F6C /* Base */,
			);
			name = Main.storyboard;
			sourceTree = "<group>";
		};
		4DCA743E1A5FC52E00CE3F6C /* LaunchScreen.xib */ = {
			isa = PBXVariantGroup;
			children = (
				4DCA743F1A5FC52E00CE3F6C /* Base */,
			);
			name = LaunchScreen.xib;
			sourceTree = "<group>";
		};
/* End PBXVariantGroup section */

/* Begin XCBuildConfiguration section */
		4DCA744D1A5FC52E00CE3F6C /* Debug */ = {
			isa = XCBuildConfiguration;
			buildSettings = {
				ALWAYS_SEARCH_USER_PATHS = NO;
				CLANG_CXX_LANGUAGE_STANDARD = "gnu++0x";
				CLANG_CXX_LIBRARY = "libc++";
				CLANG_ENABLE_MODULES = YES;
				CLANG_ENABLE_OBJC_ARC = YES;
				CLANG_WARN_BOOL_CONVERSION = YES;
				CLANG_WARN_CONSTANT_CONVERSION = YES;
				CLANG_WARN_DIRECT_OBJC_ISA_USAGE = YES_ERROR;
				CLANG_WARN_EMPTY_BODY = YES;
				CLANG_WARN_ENUM_CONVERSION = YES;
				CLANG_WARN_INT_CONVERSION = YES;
				CLANG_WARN_OBJC_ROOT_CLASS = YES_ERROR;
				CLANG_WARN_UNREACHABLE_CODE = YES;
				CLANG_WARN__DUPLICATE_METHOD_MATCH = YES;
				"CODE_SIGN_IDENTITY[sdk=iphoneos*]" = "iPhone Developer";
				COPY_PHASE_STRIP = NO;
				ENABLE_STRICT_OBJC_MSGSEND = YES;
				GCC_C_LANGUAGE_STANDARD = gnu99;
				GCC_DYNAMIC_NO_PIC = NO;
				GCC_OPTIMIZATION_LEVEL = 0;
				GCC_PREPROCESSOR_DEFINITIONS = (
					"DEBUG=1",
					"$(inherited)",
				);
				GCC_SYMBOLS_PRIVATE_EXTERN = NO;
				GCC_WARN_64_TO_32_BIT_CONVERSION = YES;
				GCC_WARN_ABOUT_RETURN_TYPE = YES_ERROR;
				GCC_WARN_UNDECLARED_SELECTOR = YES;
				GCC_WARN_UNINITIALIZED_AUTOS = YES_AGGRESSIVE;
				GCC_WARN_UNUSED_FUNCTION = YES;
				GCC_WARN_UNUSED_VARIABLE = YES;
				IPHONEOS_DEPLOYMENT_TARGET = 8.1;
				MTL_ENABLE_DEBUG_INFO = YES;
				ONLY_ACTIVE_ARCH = YES;
				SDKROOT = iphoneos;
			};
			name = Debug;
		};
		4DCA744E1A5FC52E00CE3F6C /* Release */ = {
			isa = XCBuildConfiguration;
			buildSettings = {
				ALWAYS_SEARCH_USER_PATHS = NO;
				CLANG_CXX_LANGUAGE_STANDARD = "gnu++0x";
				CLANG_CXX_LIBRARY = "libc++";
				CLANG_ENABLE_MODULES = YES;
				CLANG_ENABLE_OBJC_ARC = YES;
				CLANG_WARN_BOOL_CONVERSION = YES;
				CLANG_WARN_CONSTANT_CONVERSION = YES;
				CLANG_WARN_DIRECT_OBJC_ISA_USAGE = YES_ERROR;
				CLANG_WARN_EMPTY_BODY = YES;
				CLANG_WARN_ENUM_CONVERSION = YES;
				CLANG_WARN_INT_CONVERSION = YES;
				CLANG_WARN_OBJC_ROOT_CLASS = YES_ERROR;
				CLANG_WARN_UNREACHABLE_CODE = YES;
				CLANG_WARN__DUPLICATE_METHOD_MATCH = YES;
				"CODE_SIGN_IDENTITY[sdk=iphoneos*]" = "iPhone Developer";
				COPY_PHASE_STRIP = YES;
				ENABLE_NS_ASSERTIONS = NO;
				ENABLE_STRICT_OBJC_MSGSEND = YES;
				GCC_C_LANGUAGE_STANDARD = gnu99;
				GCC_WARN_64_TO_32_BIT_CONVERSION = YES;
				GCC_WARN_ABOUT_RETURN_TYPE = YES_ERROR;
				GCC_WARN_UNDECLARED_SELECTOR = YES;
				GCC_WARN_UNINITIALIZED_AUTOS = YES_AGGRESSIVE;
				GCC_WARN_UNUSED_FUNCTION = YES;
				GCC_WARN_UNUSED_VARIABLE = YES;
				IPHONEOS_DEPLOYMENT_TARGET = 8.1;
				MTL_ENABLE_DEBUG_INFO = NO;
				SDKROOT = iphoneos;
				VALIDATE_PRODUCT = YES;
			};
			name = Release;
		};
		4DCA74501A5FC52E00CE3F6C /* Debug */ = {
			isa = XCBuildConfiguration;
			buildSettings = {
				ASSETCATALOG_COMPILER_APPICON_NAME = AppIcon;
				INFOPLIST_FILE = RHFirmModelDemo/Info.plist;
				LD_RUNPATH_SEARCH_PATHS = "$(inherited) @executable_path/Frameworks";
				PRODUCT_NAME = "$(TARGET_NAME)";
			};
			name = Debug;
		};
		4DCA74511A5FC52E00CE3F6C /* Release */ = {
			isa = XCBuildConfiguration;
			buildSettings = {
				ASSETCATALOG_COMPILER_APPICON_NAME = AppIcon;
				INFOPLIST_FILE = RHFirmModelDemo/Info.plist;
				LD_RUNPATH_SEARCH_PATHS = "$(inherited) @executable_path/Frameworks";
				PRODUCT_NAME = "$(TARGET_NAME)";
			};
			name = Release;
		};
		4DCA74531A5FC52E00CE3F6C /* Debug */ = {
			isa = XCBuildConfiguration;
			buildSettings = {
				BUNDLE_LOADER = "$(TEST_HOST)";
				FRAMEWORK_SEARCH_PATHS = (
					"$(SDKROOT)/Developer/Library/Frameworks",
					"$(inherited)",
				);
				GCC_PREPROCESSOR_DEFINITIONS = (
					"DEBUG=1",
					"$(inherited)",
				);
				INFOPLIST_FILE = RHFirmModelDemoTests/Info.plist;
				LD_RUNPATH_SEARCH_PATHS = "$(inherited) @executable_path/Frameworks @loader_path/Frameworks";
				PRODUCT_NAME = "$(TARGET_NAME)";
				TEST_HOST = "$(BUILT_PRODUCTS_DIR)/RHFirmModelDemo.app/RHFirmModelDemo";
			};
			name = Debug;
		};
		4DCA74541A5FC52E00CE3F6C /* Release */ = {
			isa = XCBuildConfiguration;
			buildSettings = {
				BUNDLE_LOADER = "$(TEST_HOST)";
				FRAMEWORK_SEARCH_PATHS = (
					"$(SDKROOT)/Developer/Library/Frameworks",
					"$(inherited)",
				);
				INFOPLIST_FILE = RHFirmModelDemoTests/Info.plist;
				LD_RUNPATH_SEARCH_PATHS = "$(inherited) @executable_path/Frameworks @loader_path/Frameworks";
				PRODUCT_NAME = "$(TARGET_NAME)";
				TEST_HOST = "$(BUILT_PRODUCTS_DIR)/RHFirmModelDemo.app/RHFirmModelDemo";
			};
			name = Release;
		};
/* End XCBuildConfiguration section */

/* Begin XCConfigurationList section */
		4DCA74271A5FC52E00CE3F6C /* Build configuration list for PBXProject "RHFirmModelDemo" */ = {
			isa = XCConfigurationList;
			buildConfigurations = (
				4DCA744D1A5FC52E00CE3F6C /* Debug */,
				4DCA744E1A5FC52E00CE3F6C /* Release */,
			);
			defaultConfigurationIsVisible = 0;
			defaultConfigurationName = Release;
		};
		4DCA744F1A5FC52E00CE3F6C /* Build configuration list for PBXNativeTarget "RHFirmModelDemo" */ = {
			isa = XCConfigurationList;
			buildConfigurations = (
				4DCA74501A5FC52E00CE3F6C /* Debug */,
				4DCA74511A5FC52E00CE3F6C /* Release */,
			);
			defaultConfigurationIsVisible = 0;
			defaultConfigurationName = Release;
		};
		4DCA74521A5FC52E00CE3F6C /* Build configuration list for PBXNativeTarget "RHFirmModelDemoTests" */ = {
			isa = XCConfigurationList;
			buildConfigurations = (
				4DCA74531A5FC52E00CE3F6C /* Debug */,
				4DCA74541A5FC52E00CE3F6C /* Release */,
			);
			defaultConfigurationIsVisible = 0;
			defaultConfigurationName = Release;
		};
/* End XCConfigurationList section */
	};
	rootObject = 4DCA74241A5FC52E00CE3F6C /* Project object */;
}
